Microsoft Visual Studio Solution File, Format Version 12.00
# Visual Studio Version 17
VisualStudioVersion = 17.5.2.0
MinimumVisualStudioVersion = 10.0.40219.1
Project("{FAE04EC0-301F-11D3-BF4B-00C04F79EFBC}") = "chise", "chise.csproj", "{66E34F75-699E-0492-936C-5EC4E317622F}"
EndProject
Global
	GlobalSection(SolutionConfigurationPlatforms) = preSolution
		Debug|Any CPU = Debug|Any CPU
		Release|Any CPU = Release|Any CPU
	EndGlobalSection
	GlobalSection(ProjectConfigurationPlatforms) = postSolution
		{66E34F75-699E-0492-936C-5EC4E317622F}.Debug|Any CPU.ActiveCfg = Debug|Any CPU
		{66E34F75-699E-0492-936C-5EC4E317622F}.Debug|Any CPU.Build.0 = Debug|Any CPU
		{66E34F75-699E-0492-936C-5EC4E317622F}.Release|Any CPU.ActiveCfg = Release|Any CPU
		{66E34F75-699E-0492-936C-5EC4E317622F}.Release|Any CPU.Build.0 = Release|Any CPU
	EndGlobalSection
	GlobalSection(SolutionProperties) = preSolution
		HideSolutionNode = FALSE
	EndGlobalSection
	GlobalSection(ExtensibilityGlobals) = postSolution
		SolutionGuid = {DB58155B-D81F-47D8-AD07-D6CC54208E30}
	EndGlobalSection
EndGlobal
